
Microsoft Visual Studio Solution File, Format Version 12.00
# Visual Studio Version 16
VisualStudioVersion = 16.0.30907.101
MinimumVisualStudioVersion = 10.0.40219.1
Project("{9A19103F-16F7-4668-BE54-9A1E7A4F7556}") = "eNamjestaj.Web", "eNamjestaj.Web\eNamjestaj.Web.csproj", "{1424A58B-5F7C-4611-B9E1-720589A372D7}"
EndProject
Project("{9A19103F-16F7-4668-BE54-9A1E7A4F7556}") = "eNamjestaj.Data", "eNamjestaj.Data\eNamjestaj.Data.csproj", "{A3862ACE-06D2-4AD3-90DD-9637B61794A1}"
EndProject
Project("{9A19103F-16F7-4668-BE54-9A1E7A4F7556}") = "eNamjestaj.UnitTest", "eNamjestaj.UnitTest\eNamjestaj.UnitTest.csproj", "{C92F81D1-8711-4EC9-9FAD-F1693FA9D37A}"
EndProject
Project("{FAE04EC0-301F-11D3-BF4B-00C04F79EFBC}") = "eNamjestaj.Mobile.Android", "eNamjestaj.Mobile\eNamjestaj.Mobile.Android\eNamjestaj.Mobile.Android.csproj", "{A11B4D1D-DB3D-4A55-B1FB-DAD7A324F242}"
EndProject
Project("{FAE04EC0-301F-11D3-BF4B-00C04F79EFBC}") = "eNamjestaj.Mobile.iOS", "eNamjestaj.Mobile\eNamjestaj.Mobile.iOS\eNamjestaj.Mobile.iOS.csproj", "{40CD7A34-FBE5-418A-9936-FB4810B79DDA}"
EndProject
Project("{9A19103F-16F7-4668-BE54-9A1E7A4F7556}") = "eNamjestaj.Mobile", "eNamjestaj.Mobile\eNamjestaj.Mobile\eNamjestaj.Mobile.csproj", "{3B07AF06-783A-4DC0-995B-650964669A84}"
EndProject
Project("{FAE04EC0-301F-11D3-BF4B-00C04F79EFBC}") = "eNamjestaj.Mobile.UWP", "eNamjestaj.Mobile.UWP\eNamjestaj.Mobile.UWP.csproj", "{20DD2C92-D575-404E-9BE5-E7EA3F5E2705}"
EndProject
Project("{9A19103F-16F7-4668-BE54-9A1E7A4F7556}") = "eNamjestaj.WebAPI", "eNamjestaj.WebAPI\eNamjestaj.WebAPI.csproj", "{1495F03F-C1A9-4E25-81FC-30F5D6075FF2}"
EndProject
Project("{9A19103F-16F7-4668-BE54-9A1E7A4F7556}") = "eNamjestaj.Model", "eNamjestaj.Model\eNamjestaj.Model.csproj", "{488C8A82-D72D-41B6-8C08-547546003A5F}"
EndProject
Project("{E53339B2-1760-4266-BCC7-CA923CBCF16C}") = "docker-compose", "docker-compose.dcproj", "{DA8491F4-87CA-4D66-B2AD-0F49D55CC241}"
EndProject
Global
	GlobalSection(SolutionConfigurationPlatforms) = preSolution
		Debug|Any CPU = Debug|Any CPU
		Debug|ARM = Debug|ARM
		Debug|ARM64 = Debug|ARM64
		Debug|iPhone = Debug|iPhone
		Debug|iPhoneSimulator = Debug|iPhoneSimulator
		Debug|x64 = Debug|x64
		Debug|x86 = Debug|x86
		Release|Any CPU = Release|Any CPU
		Release|ARM = Release|ARM
		Release|ARM64 = Release|ARM64
		Release|iPhone = Release|iPhone
		Release|iPhoneSimulator = Release|iPhoneSimulator
		Release|x64 = Release|x64
		Release|x86 = Release|x86
	EndGlobalSection
	GlobalSection(ProjectConfigurationPlatforms) = postSolution
		{1424A58B-5F7C-4611-B9E1-720589A372D7}.Debug|Any CPU.ActiveCfg = Debug|Any CPU
		{1424A58B-5F7C-4611-B9E1-720589A372D7}.Debug|Any CPU.Build.0 = Debug|Any CPU
		{1424A58B-5F7C-4611-B9E1-720589A372D7}.Debug|ARM.ActiveCfg = Debug|Any CPU
		{1424A58B-5F7C-4611-B9E1-720589A372D7}.Debug|ARM.Build.0 = Debug|Any CPU
		{1424A58B-5F7C-4611-B9E1-720589A372D7}.Debug|ARM64.ActiveCfg = Debug|Any CPU
		{1424A58B-5F7C-4611-B9E1-720589A372D7}.Debug|ARM64.Build.0 = Debug|Any CPU
		{1424A58B-5F7C-4611-B9E1-720589A372D7}.Debug|iPhone.ActiveCfg = Debug|Any CPU
		{1424A58B-5F7C-4611-B9E1-720589A372D7}.Debug|iPhone.Build.0 = Debug|Any CPU
		{1424A58B-5F7C-4611-B9E1-720589A372D7}.Debug|iPhoneSimulator.ActiveCfg = Debug|Any CPU
		{1424A58B-5F7C-4611-B9E1-720589A372D7}.Debug|iPhoneSimulator.Build.0 = Debug|Any CPU
		{1424A58B-5F7C-4611-B9E1-720589A372D7}.Debug|x64.ActiveCfg = Debug|Any CPU
		{1424A58B-5F7C-4611-B9E1-720589A372D7}.Debug|x64.Build.0 = Debug|Any CPU
		{1424A58B-5F7C-4611-B9E1-720589A372D7}.Debug|x86.ActiveCfg = Debug|Any CPU
		{1424A58B-5F7C-4611-B9E1-720589A372D7}.Debug|x86.Build.0 = Debug|Any CPU
		{1424A58B-5F7C-4611-B9E1-720589A372D7}.Release|Any CPU.ActiveCfg = Release|Any CPU
		{1424A58B-5F7C-4611-B9E1-720589A372D7}.Release|Any CPU.Build.0 = Release|Any CPU
		{1424A58B-5F7C-4611-B9E1-720589A372D7}.Release|ARM.ActiveCfg = Release|Any CPU
		{1424A58B-5F7C-4611-B9E1-720589A372D7}.Release|ARM.Build.0 = Release|Any CPU
		{1424A58B-5F7C-4611-B9E1-720589A372D7}.Release|ARM64.ActiveCfg = Release|Any CPU
		{1424A58B-5F7C-4611-B9E1-720589A372D7}.Release|ARM64.Build.0 = Release|Any CPU
		{1424A58B-5F7C-4611-B9E1-720589A372D7}.Release|iPhone.ActiveCfg = Release|Any CPU
		{1424A58B-5F7C-4611-B9E1-720589A372D7}.Release|iPhone.Build.0 = Release|Any CPU
		{1424A58B-5F7C-4611-B9E1-720589A372D7}.Release|iPhoneSimulator.ActiveCfg = Release|Any CPU
		{1424A58B-5F7C-4611-B9E1-720589A372D7}.Release|iPhoneSimulator.Build.0 = Release|Any CPU
		{1424A58B-5F7C-4611-B9E1-720589A372D7}.Release|x64.ActiveCfg = Release|Any CPU
		{1424A58B-5F7C-4611-B9E1-720589A372D7}.Release|x64.Build.0 = Release|Any CPU
		{1424A58B-5F7C-4611-B9E1-720589A372D7}.Release|x86.ActiveCfg = Release|Any CPU
		{1424A58B-5F7C-4611-B9E1-720589A372D7}.Release|x86.Build.0 = Release|Any CPU
		{A3862ACE-06D2-4AD3-90DD-9637B61794A1}.Debug|Any CPU.ActiveCfg = Debug|Any CPU
		{A3862ACE-06D2-4AD3-90DD-9637B61794A1}.Debug|Any CPU.Build.0 = Debug|Any CPU
		{A3862ACE-06D2-4AD3-90DD-9637B61794A1}.Debug|ARM.ActiveCfg = Debug|Any CPU
		{A3862ACE-06D2-4AD3-90DD-9637B61794A1}.Debug|ARM.Build.0 = Debug|Any CPU
		{A3862ACE-06D2-4AD3-90DD-9637B61794A1}.Debug|ARM64.ActiveCfg = Debug|Any CPU
		{A3862ACE-06D2-4AD3-90DD-9637B61794A1}.Debug|ARM64.Build.0 = Debug|Any CPU
		{A3862ACE-06D2-4AD3-90DD-9637B61794A1}.Debug|iPhone.ActiveCfg = Debug|Any CPU
		{A3862ACE-06D2-4AD3-90DD-9637B61794A1}.Debug|iPhone.Build.0 = Debug|Any CPU
		{A3862ACE-06D2-4AD3-90DD-9637B61794A1}.Debug|iPhoneSimulator.ActiveCfg = Debug|Any CPU
		{A3862ACE-06D2-4AD3-90DD-9637B61794A1}.Debug|iPhoneSimulator.Build.0 = Debug|Any CPU
		{A3862ACE-06D2-4AD3-90DD-9637B61794A1}.Debug|x64.ActiveCfg = Debug|Any CPU
		{A3862ACE-06D2-4AD3-90DD-9637B61794A1}.Debug|x64.Build.0 = Debug|Any CPU
		{A3862ACE-06D2-4AD3-90DD-9637B61794A1}.Debug|x86.ActiveCfg = Debug|Any CPU
		{A3862ACE-06D2-4AD3-90DD-9637B61794A1}.Debug|x86.Build.0 = Debug|Any CPU
		{A3862ACE-06D2-4AD3-90DD-9637B61794A1}.Release|Any CPU.ActiveCfg = Release|Any CPU
		{A3862ACE-06D2-4AD3-90DD-9637B61794A1}.Release|Any CPU.Build.0 = Release|Any CPU
		{A3862ACE-06D2-4AD3-90DD-9637B61794A1}.Release|ARM.ActiveCfg = Release|Any CPU
		{A3862ACE-06D2-4AD3-90DD-9637B61794A1}.Release|ARM.Build.0 = Release|Any CPU
		{A3862ACE-06D2-4AD3-90DD-9637B61794A1}.Release|ARM64.ActiveCfg = Release|Any CPU
		{A3862ACE-06D2-4AD3-90DD-9637B61794A1}.Release|ARM64.Build.0 = Release|Any CPU
		{A3862ACE-06D2-4AD3-90DD-9637B61794A1}.Release|iPhone.ActiveCfg = Release|Any CPU
		{A3862ACE-06D2-4AD3-90DD-9637B61794A1}.Release|iPhone.Build.0 = Release|Any CPU
		{A3862ACE-06D2-4AD3-90DD-9637B61794A1}.Release|iPhoneSimulator.ActiveCfg = Release|Any CPU
		{A3862ACE-06D2-4AD3-90DD-9637B61794A1}.Release|iPhoneSimulator.Build.0 = Release|Any CPU
		{A3862ACE-06D2-4AD3-90DD-9637B61794A1}.Release|x64.ActiveCfg = Release|Any CPU
		{A3862ACE-06D2-4AD3-90DD-9637B61794A1}.Release|x64.Build.0 = Release|Any CPU
		{A3862ACE-06D2-4AD3-90DD-9637B61794A1}.Release|x86.ActiveCfg = Release|Any CPU
		{A3862ACE-06D2-4AD3-90DD-9637B61794A1}.Release|x86.Build.0 = Release|Any CPU
		{C92F81D1-8711-4EC9-9FAD-F1693FA9D37A}.Debug|Any CPU.ActiveCfg = Debug|Any CPU
		{C92F81D1-8711-4EC9-9FAD-F1693FA9D37A}.Debug|Any CPU.Build.0 = Debug|Any CPU
		{C92F81D1-8711-4EC9-9FAD-F1693FA9D37A}.Debug|ARM.ActiveCfg = Debug|Any CPU
		{C92F81D1-8711-4EC9-9FAD-F1693FA9D37A}.Debug|ARM.Build.0 = Debug|Any CPU
		{C92F81D1-8711-4EC9-9FAD-F1693FA9D37A}.Debug|ARM64.ActiveCfg = Debug|Any CPU
		{C92F81D1-8711-4EC9-9FAD-F1693FA9D37A}.Debug|ARM64.Build.0 = Debug|Any CPU
		{C92F81D1-8711-4EC9-9FAD-F1693FA9D37A}.Debug|iPhone.ActiveCfg = Debug|Any CPU
		{C92F81D1-8711-4EC9-9FAD-F1693FA9D37A}.Debug|iPhone.Build.0 = Debug|Any CPU
		{C92F81D1-8711-4EC9-9FAD-F1693FA9D37A}.Debug|iPhoneSimulator.ActiveCfg = Debug|Any CPU
		{C92F81D1-8711-4EC9-9FAD-F1693FA9D37A}.Debug|iPhoneSimulator.Build.0 = Debug|Any CPU
		{C92F81D1-8711-4EC9-9FAD-F1693FA9D37A}.Debug|x64.ActiveCfg = Debug|Any CPU
		{C92F81D1-8711-4EC9-9FAD-F1693FA9D37A}.Debug|x64.Build.0 = Debug|Any CPU
		{C92F81D1-8711-4EC9-9FAD-F1693FA9D37A}.Debug|x86.ActiveCfg = Debug|Any CPU
		{C92F81D1-8711-4EC9-9FAD-F1693FA9D37A}.Debug|x86.Build.0 = Debug|Any CPU
		{C92F81D1-8711-4EC9-9FAD-F1693FA9D37A}.Release|Any CPU.ActiveCfg = Release|Any CPU
		{C92F81D1-8711-4EC9-9FAD-F1693FA9D37A}.Release|Any CPU.Build.0 = Release|Any CPU
		{C92F81D1-8711-4EC9-9FAD-F1693FA9D37A}.Release|ARM.ActiveCfg = Release|Any CPU
		{C92F81D1-8711-4EC9-9FAD-F1693FA9D37A}.Release|ARM.Build.0 = Release|Any CPU
		{C92F81D1-8711-4EC9-9FAD-F1693FA9D37A}.Release|ARM64.ActiveCfg = Release|Any CPU
		{C92F81D1-8711-4EC9-9FAD-F1693FA9D37A}.Release|ARM64.Build.0 = Release|Any CPU
		{C92F81D1-8711-4EC9-9FAD-F1693FA9D37A}.Release|iPhone.ActiveCfg = Release|Any CPU
		{C92F81D1-8711-4EC9-9FAD-F1693FA9D37A}.Release|iPhone.Build.0 = Release|Any CPU
		{C92F81D1-8711-4EC9-9FAD-F1693FA9D37A}.Release|iPhoneSimulator.ActiveCfg = Release|Any CPU
		{C92F81D1-8711-4EC9-9FAD-F1693FA9D37A}.Release|iPhoneSimulator.Build.0 = Release|Any CPU
		{C92F81D1-8711-4EC9-9FAD-F1693FA9D37A}.Release|x64.ActiveCfg = Release|Any CPU
		{C92F81D1-8711-4EC9-9FAD-F1693FA9D37A}.Release|x64.Build.0 = Release|Any CPU
		{C92F81D1-8711-4EC9-9FAD-F1693FA9D37A}.Release|x86.ActiveCfg = Release|Any CPU
		{C92F81D1-8711-4EC9-9FAD-F1693FA9D37A}.Release|x86.Build.0 = Release|Any CPU
		{A11B4D1D-DB3D-4A55-B1FB-DAD7A324F242}.Debug|Any CPU.ActiveCfg = Debug|Any CPU
		{A11B4D1D-DB3D-4A55-B1FB-DAD7A324F242}.Debug|Any CPU.Build.0 = Debug|Any CPU
		{A11B4D1D-DB3D-4A55-B1FB-DAD7A324F242}.Debug|Any CPU.Deploy.0 = Debug|Any CPU
		{A11B4D1D-DB3D-4A55-B1FB-DAD7A324F242}.Debug|ARM.ActiveCfg = Debug|Any CPU
		{A11B4D1D-DB3D-4A55-B1FB-DAD7A324F242}.Debug|ARM.Build.0 = Debug|Any CPU
		{A11B4D1D-DB3D-4A55-B1FB-DAD7A324F242}.Debug|ARM.Deploy.0 = Debug|Any CPU
		{A11B4D1D-DB3D-4A55-B1FB-DAD7A324F242}.Debug|ARM64.ActiveCfg = Debug|Any CPU
		{A11B4D1D-DB3D-4A55-B1FB-DAD7A324F242}.Debug|ARM64.Build.0 = Debug|Any CPU
		{A11B4D1D-DB3D-4A55-B1FB-DAD7A324F242}.Debug|ARM64.Deploy.0 = Debug|Any CPU
		{A11B4D1D-DB3D-4A55-B1FB-DAD7A324F242}.Debug|iPhone.ActiveCfg = Debug|Any CPU
		{A11B4D1D-DB3D-4A55-B1FB-DAD7A324F242}.Debug|iPhone.Build.0 = Debug|Any CPU
		{A11B4D1D-DB3D-4A55-B1FB-DAD7A324F242}.Debug|iPhone.Deploy.0 = Debug|Any CPU
		{A11B4D1D-DB3D-4A55-B1FB-DAD7A324F242}.Debug|iPhoneSimulator.ActiveCfg = Debug|Any CPU
		{A11B4D1D-DB3D-4A55-B1FB-DAD7A324F242}.Debug|iPhoneSimulator.Build.0 = Debug|Any CPU
		{A11B4D1D-DB3D-4A55-B1FB-DAD7A324F242}.Debug|iPhoneSimulator.Deploy.0 = Debug|Any CPU
		{A11B4D1D-DB3D-4A55-B1FB-DAD7A324F242}.Debug|x64.ActiveCfg = Debug|Any CPU
		{A11B4D1D-DB3D-4A55-B1FB-DAD7A324F242}.Debug|x64.Build.0 = Debug|Any CPU
		{A11B4D1D-DB3D-4A55-B1FB-DAD7A324F242}.Debug|x64.Deploy.0 = Debug|Any CPU
		{A11B4D1D-DB3D-4A55-B1FB-DAD7A324F242}.Debug|x86.ActiveCfg = Debug|Any CPU
		{A11B4D1D-DB3D-4A55-B1FB-DAD7A324F242}.Debug|x86.Build.0 = Debug|Any CPU
		{A11B4D1D-DB3D-4A55-B1FB-DAD7A324F242}.Debug|x86.Deploy.0 = Debug|Any CPU
		{A11B4D1D-DB3D-4A55-B1FB-DAD7A324F242}.Release|Any CPU.ActiveCfg = Release|Any CPU
		{A11B4D1D-DB3D-4A55-B1FB-DAD7A324F242}.Release|Any CPU.Build.0 = Release|Any CPU
		{A11B4D1D-DB3D-4A55-B1FB-DAD7A324F242}.Release|Any CPU.Deploy.0 = Release|Any CPU
		{A11B4D1D-DB3D-4A55-B1FB-DAD7A324F242}.Release|ARM.ActiveCfg = Release|Any CPU
		{A11B4D1D-DB3D-4A55-B1FB-DAD7A324F242}.Release|ARM.Build.0 = Release|Any CPU
		{A11B4D1D-DB3D-4A55-B1FB-DAD7A324F242}.Release|ARM.Deploy.0 = Release|Any CPU
		{A11B4D1D-DB3D-4A55-B1FB-DAD7A324F242}.Release|ARM64.ActiveCfg = Release|Any CPU
		{A11B4D1D-DB3D-4A55-B1FB-DAD7A324F242}.Release|ARM64.Build.0 = Release|Any CPU
		{A11B4D1D-DB3D-4A55-B1FB-DAD7A324F242}.Release|ARM64.Deploy.0 = Release|Any CPU
		{A11B4D1D-DB3D-4A55-B1FB-DAD7A324F242}.Release|iPhone.ActiveCfg = Release|Any CPU
		{A11B4D1D-DB3D-4A55-B1FB-DAD7A324F242}.Release|iPhone.Build.0 = Release|Any CPU
		{A11B4D1D-DB3D-4A55-B1FB-DAD7A324F242}.Release|iPhone.Deploy.0 = Release|Any CPU
		{A11B4D1D-DB3D-4A55-B1FB-DAD7A324F242}.Release|iPhoneSimulator.ActiveCfg = Release|Any CPU
		{A11B4D1D-DB3D-4A55-B1FB-DAD7A324F242}.Release|iPhoneSimulator.Build.0 = Release|Any CPU
		{A11B4D1D-DB3D-4A55-B1FB-DAD7A324F242}.Release|iPhoneSimulator.Deploy.0 = Release|Any CPU
		{A11B4D1D-DB3D-4A55-B1FB-DAD7A324F242}.Release|x64.ActiveCfg = Release|Any CPU
		{A11B4D1D-DB3D-4A55-B1FB-DAD7A324F242}.Release|x64.Build.0 = Release|Any CPU
		{A11B4D1D-DB3D-4A55-B1FB-DAD7A324F242}.Release|x64.Deploy.0 = Release|Any CPU
		{A11B4D1D-DB3D-4A55-B1FB-DAD7A324F242}.Release|x86.ActiveCfg = Release|Any CPU
		{A11B4D1D-DB3D-4A55-B1FB-DAD7A324F242}.Release|x86.Build.0 = Release|Any CPU
		{A11B4D1D-DB3D-4A55-B1FB-DAD7A324F242}.Release|x86.Deploy.0 = Release|Any CPU
		{40CD7A34-FBE5-418A-9936-FB4810B79DDA}.Debug|Any CPU.ActiveCfg = Debug|iPhoneSimulator
		{40CD7A34-FBE5-418A-9936-FB4810B79DDA}.Debug|Any CPU.Build.0 = Debug|iPhoneSimulator
		{40CD7A34-FBE5-418A-9936-FB4810B79DDA}.Debug|ARM.ActiveCfg = Debug|iPhoneSimulator
		{40CD7A34-FBE5-418A-9936-FB4810B79DDA}.Debug|ARM64.ActiveCfg = Debug|iPhoneSimulator
		{40CD7A34-FBE5-418A-9936-FB4810B79DDA}.Debug|iPhone.ActiveCfg = Debug|iPhone
		{40CD7A34-FBE5-418A-9936-FB4810B79DDA}.Debug|iPhone.Build.0 = Debug|iPhone
		{40CD7A34-FBE5-418A-9936-FB4810B79DDA}.Debug|iPhoneSimulator.ActiveCfg = Debug|iPhoneSimulator
		{40CD7A34-FBE5-418A-9936-FB4810B79DDA}.Debug|iPhoneSimulator.Build.0 = Debug|iPhoneSimulator
		{40CD7A34-FBE5-418A-9936-FB4810B79DDA}.Debug|x64.ActiveCfg = Debug|iPhoneSimulator
		{40CD7A34-FBE5-418A-9936-FB4810B79DDA}.Debug|x86.ActiveCfg = Debug|iPhoneSimulator
		{40CD7A34-FBE5-418A-9936-FB4810B79DDA}.Release|Any CPU.ActiveCfg = Release|iPhoneSimulator
		{40CD7A34-FBE5-418A-9936-FB4810B79DDA}.Release|ARM.ActiveCfg = Release|iPhoneSimulator
		{40CD7A34-FBE5-418A-9936-FB4810B79DDA}.Release|ARM64.ActiveCfg = Release|iPhoneSimulator
		{40CD7A34-FBE5-418A-9936-FB4810B79DDA}.Release|iPhone.ActiveCfg = Release|iPhone
		{40CD7A34-FBE5-418A-9936-FB4810B79DDA}.Release|iPhone.Build.0 = Release|iPhone
		{40CD7A34-FBE5-418A-9936-FB4810B79DDA}.Release|iPhoneSimulator.ActiveCfg = Release|iPhoneSimulator
		{40CD7A34-FBE5-418A-9936-FB4810B79DDA}.Release|iPhoneSimulator.Build.0 = Release|iPhoneSimulator
		{40CD7A34-FBE5-418A-9936-FB4810B79DDA}.Release|x64.ActiveCfg = Release|iPhoneSimulator
		{40CD7A34-FBE5-418A-9936-FB4810B79DDA}.Release|x86.ActiveCfg = Release|iPhoneSimulator
		{3B07AF06-783A-4DC0-995B-650964669A84}.Debug|Any CPU.ActiveCfg = Debug|Any CPU
		{3B07AF06-783A-4DC0-995B-650964669A84}.Debug|Any CPU.Build.0 = Debug|Any CPU
		{3B07AF06-783A-4DC0-995B-650964669A84}.Debug|ARM.ActiveCfg = Debug|Any CPU
		{3B07AF06-783A-4DC0-995B-650964669A84}.Debug|ARM.Build.0 = Debug|Any CPU
		{3B07AF06-783A-4DC0-995B-650964669A84}.Debug|ARM64.ActiveCfg = Debug|Any CPU
		{3B07AF06-783A-4DC0-995B-650964669A84}.Debug|ARM64.Build.0 = Debug|Any CPU
		{3B07AF06-783A-4DC0-995B-650964669A84}.Debug|iPhone.ActiveCfg = Debug|Any CPU
		{3B07AF06-783A-4DC0-995B-650964669A84}.Debug|iPhone.Build.0 = Debug|Any CPU
		{3B07AF06-783A-4DC0-995B-650964669A84}.Debug|iPhoneSimulator.ActiveCfg = Debug|Any CPU
		{3B07AF06-783A-4DC0-995B-650964669A84}.Debug|iPhoneSimulator.Build.0 = Debug|Any CPU
		{3B07AF06-783A-4DC0-995B-650964669A84}.Debug|x64.ActiveCfg = Debug|Any CPU
		{3B07AF06-783A-4DC0-995B-650964669A84}.Debug|x64.Build.0 = Debug|Any CPU
		{3B07AF06-783A-4DC0-995B-650964669A84}.Debug|x86.ActiveCfg = Debug|Any CPU
		{3B07AF06-783A-4DC0-995B-650964669A84}.Debug|x86.Build.0 = Debug|Any CPU
		{3B07AF06-783A-4DC0-995B-650964669A84}.Release|Any CPU.ActiveCfg = Release|Any CPU
		{3B07AF06-783A-4DC0-995B-650964669A84}.Release|Any CPU.Build.0 = Release|Any CPU
		{3B07AF06-783A-4DC0-995B-650964669A84}.Release|ARM.ActiveCfg = Release|Any CPU
		{3B07AF06-783A-4DC0-995B-650964669A84}.Release|ARM.Build.0 = Release|Any CPU
		{3B07AF06-783A-4DC0-995B-650964669A84}.Release|ARM64.ActiveCfg = Release|Any CPU
		{3B07AF06-783A-4DC0-995B-650964669A84}.Release|ARM64.Build.0 = Release|Any CPU
		{3B07AF06-783A-4DC0-995B-650964669A84}.Release|iPhone.ActiveCfg = Release|Any CPU
		{3B07AF06-783A-4DC0-995B-650964669A84}.Release|iPhone.Build.0 = Release|Any CPU
		{3B07AF06-783A-4DC0-995B-650964669A84}.Release|iPhoneSimulator.ActiveCfg = Release|Any CPU
		{3B07AF06-783A-4DC0-995B-650964669A84}.Release|iPhoneSimulator.Build.0 = Release|Any CPU
		{3B07AF06-783A-4DC0-995B-650964669A84}.Release|x64.ActiveCfg = Release|Any CPU
		{3B07AF06-783A-4DC0-995B-650964669A84}.Release|x64.Build.0 = Release|Any CPU
		{3B07AF06-783A-4DC0-995B-650964669A84}.Release|x86.ActiveCfg = Release|Any CPU
		{3B07AF06-783A-4DC0-995B-650964669A84}.Release|x86.Build.0 = Release|Any CPU
		{20DD2C92-D575-404E-9BE5-E7EA3F5E2705}.Debug|Any CPU.ActiveCfg = Debug|x86
		{20DD2C92-D575-404E-9BE5-E7EA3F5E2705}.Debug|Any CPU.Build.0 = Debug|x86
		{20DD2C92-D575-404E-9BE5-E7EA3F5E2705}.Debug|Any CPU.Deploy.0 = Debug|x86
		{20DD2C92-D575-404E-9BE5-E7EA3F5E2705}.Debug|ARM.ActiveCfg = Debug|ARM
		{20DD2C92-D575-404E-9BE5-E7EA3F5E2705}.Debug|ARM.Build.0 = Debug|ARM
		{20DD2C92-D575-404E-9BE5-E7EA3F5E2705}.Debug|ARM.Deploy.0 = Debug|ARM
		{20DD2C92-D575-404E-9BE5-E7EA3F5E2705}.Debug|ARM64.ActiveCfg = Debug|ARM64
		{20DD2C92-D575-404E-9BE5-E7EA3F5E2705}.Debug|ARM64.Build.0 = Debug|ARM64
		{20DD2C92-D575-404E-9BE5-E7EA3F5E2705}.Debug|ARM64.Deploy.0 = Debug|ARM64
		{20DD2C92-D575-404E-9BE5-E7EA3F5E2705}.Debug|iPhone.ActiveCfg = Debug|x86
		{20DD2C92-D575-404E-9BE5-E7EA3F5E2705}.Debug|iPhoneSimulator.ActiveCfg = Debug|x86
		{20DD2C92-D575-404E-9BE5-E7EA3F5E2705}.Debug|x64.ActiveCfg = Debug|x64
		{20DD2C92-D575-404E-9BE5-E7EA3F5E2705}.Debug|x64.Build.0 = Debug|x64
		{20DD2C92-D575-404E-9BE5-E7EA3F5E2705}.Debug|x64.Deploy.0 = Debug|x64
		{20DD2C92-D575-404E-9BE5-E7EA3F5E2705}.Debug|x86.ActiveCfg = Debug|x86
		{20DD2C92-D575-404E-9BE5-E7EA3F5E2705}.Debug|x86.Build.0 = Debug|x86
		{20DD2C92-D575-404E-9BE5-E7EA3F5E2705}.Debug|x86.Deploy.0 = Debug|x86
		{20DD2C92-D575-404E-9BE5-E7EA3F5E2705}.Release|Any CPU.ActiveCfg = Release|x86
		{20DD2C92-D575-404E-9BE5-E7EA3F5E2705}.Release|ARM.ActiveCfg = Release|ARM
		{20DD2C92-D575-404E-9BE5-E7EA3F5E2705}.Release|ARM.Build.0 = Release|ARM
		{20DD2C92-D575-404E-9BE5-E7EA3F5E2705}.Release|ARM.Deploy.0 = Release|ARM
		{20DD2C92-D575-404E-9BE5-E7EA3F5E2705}.Release|ARM64.ActiveCfg = Release|ARM64
		{20DD2C92-D575-404E-9BE5-E7EA3F5E2705}.Release|ARM64.Build.0 = Release|ARM64
		{20DD2C92-D575-404E-9BE5-E7EA3F5E2705}.Release|ARM64.Deploy.0 = Release|ARM64
		{20DD2C92-D575-404E-9BE5-E7EA3F5E2705}.Release|iPhone.ActiveCfg = Release|x86
		{20DD2C92-D575-404E-9BE5-E7EA3F5E2705}.Release|iPhoneSimulator.ActiveCfg = Release|x86
		{20DD2C92-D575-404E-9BE5-E7EA3F5E2705}.Release|x64.ActiveCfg = Release|x64
		{20DD2C92-D575-404E-9BE5-E7EA3F5E2705}.Release|x64.Build.0 = Release|x64
		{20DD2C92-D575-404E-9BE5-E7EA3F5E2705}.Release|x64.Deploy.0 = Release|x64
		{20DD2C92-D575-404E-9BE5-E7EA3F5E2705}.Release|x86.ActiveCfg = Release|x86
		{20DD2C92-D575-404E-9BE5-E7EA3F5E2705}.Release|x86.Build.0 = Release|x86
		{20DD2C92-D575-404E-9BE5-E7EA3F5E2705}.Release|x86.Deploy.0 = Release|x86
		{1495F03F-C1A9-4E25-81FC-30F5D6075FF2}.Debug|Any CPU.ActiveCfg = Debug|Any CPU
		{1495F03F-C1A9-4E25-81FC-30F5D6075FF2}.Debug|Any CPU.Build.0 = Debug|Any CPU
		{1495F03F-C1A9-4E25-81FC-30F5D6075FF2}.Debug|ARM.ActiveCfg = Debug|Any CPU
		{1495F03F-C1A9-4E25-81FC-30F5D6075FF2}.Debug|ARM.Build.0 = Debug|Any CPU
		{1495F03F-C1A9-4E25-81FC-30F5D6075FF2}.Debug|ARM64.ActiveCfg = Debug|Any CPU
		{1495F03F-C1A9-4E25-81FC-30F5D6075FF2}.Debug|ARM64.Build.0 = Debug|Any CPU
		{1495F03F-C1A9-4E25-81FC-30F5D6075FF2}.Debug|iPhone.ActiveCfg = Debug|Any CPU
		{1495F03F-C1A9-4E25-81FC-30F5D6075FF2}.Debug|iPhone.Build.0 = Debug|Any CPU
		{1495F03F-C1A9-4E25-81FC-30F5D6075FF2}.Debug|iPhoneSimulator.ActiveCfg = Debug|Any CPU
		{1495F03F-C1A9-4E25-81FC-30F5D6075FF2}.Debug|iPhoneSimulator.Build.0 = Debug|Any CPU
		{1495F03F-C1A9-4E25-81FC-30F5D6075FF2}.Debug|x64.ActiveCfg = Debug|Any CPU
		{1495F03F-C1A9-4E25-81FC-30F5D6075FF2}.Debug|x64.Build.0 = Debug|Any CPU
		{1495F03F-C1A9-4E25-81FC-30F5D6075FF2}.Debug|x86.ActiveCfg = Debug|Any CPU
		{1495F03F-C1A9-4E25-81FC-30F5D6075FF2}.Debug|x86.Build.0 = Debug|Any CPU
		{1495F03F-C1A9-4E25-81FC-30F5D6075FF2}.Release|Any CPU.ActiveCfg = Release|Any CPU
		{1495F03F-C1A9-4E25-81FC-30F5D6075FF2}.Release|Any CPU.Build.0 = Release|Any CPU
		{1495F03F-C1A9-4E25-81FC-30F5D6075FF2}.Release|ARM.ActiveCfg = Release|Any CPU
		{1495F03F-C1A9-4E25-81FC-30F5D6075FF2}.Release|ARM.Build.0 = Release|Any CPU
		{1495F03F-C1A9-4E25-81FC-30F5D6075FF2}.Release|ARM64.ActiveCfg = Release|Any CPU
		{1495F03F-C1A9-4E25-81FC-30F5D6075FF2}.Release|ARM64.Build.0 = Release|Any CPU
		{1495F03F-C1A9-4E25-81FC-30F5D6075FF2}.Release|iPhone.ActiveCfg = Release|Any CPU
		{1495F03F-C1A9-4E25-81FC-30F5D6075FF2}.Release|iPhone.Build.0 = Release|Any CPU
		{1495F03F-C1A9-4E25-81FC-30F5D6075FF2}.Release|iPhoneSimulator.ActiveCfg = Release|Any CPU
		{1495F03F-C1A9-4E25-81FC-30F5D6075FF2}.Release|iPhoneSimulator.Build.0 = Release|Any CPU
		{1495F03F-C1A9-4E25-81FC-30F5D6075FF2}.Release|x64.ActiveCfg = Release|Any CPU
		{1495F03F-C1A9-4E25-81FC-30F5D6075FF2}.Release|x64.Build.0 = Release|Any CPU
		{1495F03F-C1A9-4E25-81FC-30F5D6075FF2}.Release|x86.ActiveCfg = Release|Any CPU
		{1495F03F-C1A9-4E25-81FC-30F5D6075FF2}.Release|x86.Build.0 = Release|Any CPU
		{488C8A82-D72D-41B6-8C08-547546003A5F}.Debug|Any CPU.ActiveCfg = Debug|Any CPU
		{488C8A82-D72D-41B6-8C08-547546003A5F}.Debug|Any CPU.Build.0 = Debug|Any CPU
		{488C8A82-D72D-41B6-8C08-547546003A5F}.Debug|ARM.ActiveCfg = Debug|Any CPU
		{488C8A82-D72D-41B6-8C08-547546003A5F}.Debug|ARM.Build.0 = Debug|Any CPU
		{488C8A82-D72D-41B6-8C08-547546003A5F}.Debug|ARM64.ActiveCfg = Debug|Any CPU
		{488C8A82-D72D-41B6-8C08-547546003A5F}.Debug|ARM64.Build.0 = Debug|Any CPU
		{488C8A82-D72D-41B6-8C08-547546003A5F}.Debug|iPhone.ActiveCfg = Debug|Any CPU
		{488C8A82-D72D-41B6-8C08-547546003A5F}.Debug|iPhone.Build.0 = Debug|Any CPU
		{488C8A82-D72D-41B6-8C08-547546003A5F}.Debug|iPhoneSimulator.ActiveCfg = Debug|Any CPU
		{488C8A82-D72D-41B6-8C08-547546003A5F}.Debug|iPhoneSimulator.Build.0 = Debug|Any CPU
		{488C8A82-D72D-41B6-8C08-547546003A5F}.Debug|x64.ActiveCfg = Debug|Any CPU
		{488C8A82-D72D-41B6-8C08-547546003A5F}.Debug|x64.Build.0 = Debug|Any CPU
		{488C8A82-D72D-41B6-8C08-547546003A5F}.Debug|x86.ActiveCfg = Debug|Any CPU
		{488C8A82-D72D-41B6-8C08-547546003A5F}.Debug|x86.Build.0 = Debug|Any CPU
		{488C8A82-D72D-41B6-8C08-547546003A5F}.Release|Any CPU.ActiveCfg = Release|Any CPU
		{488C8A82-D72D-41B6-8C08-547546003A5F}.Release|Any CPU.Build.0 = Release|Any CPU
		{488C8A82-D72D-41B6-8C08-547546003A5F}.Release|ARM.ActiveCfg = Release|Any CPU
		{488C8A82-D72D-41B6-8C08-547546003A5F}.Release|ARM.Build.0 = Release|Any CPU
		{488C8A82-D72D-41B6-8C08-547546003A5F}.Release|ARM64.ActiveCfg = Release|Any CPU
		{488C8A82-D72D-41B6-8C08-547546003A5F}.Release|ARM64.Build.0 = Release|Any CPU
		{488C8A82-D72D-41B6-8C08-547546003A5F}.Release|iPhone.ActiveCfg = Release|Any CPU
		{488C8A82-D72D-41B6-8C08-547546003A5F}.Release|iPhone.Build.0 = Release|Any CPU
		{488C8A82-D72D-41B6-8C08-547546003A5F}.Release|iPhoneSimulator.ActiveCfg = Release|Any CPU
		{488C8A82-D72D-41B6-8C08-547546003A5F}.Release|iPhoneSimulator.Build.0 = Release|Any CPU
		{488C8A82-D72D-41B6-8C08-547546003A5F}.Release|x64.ActiveCfg = Release|Any CPU
		{488C8A82-D72D-41B6-8C08-547546003A5F}.Release|x64.Build.0 = Release|Any CPU
		{488C8A82-D72D-41B6-8C08-547546003A5F}.Release|x86.ActiveCfg = Release|Any CPU
		{488C8A82-D72D-41B6-8C08-547546003A5F}.Release|x86.Build.0 = Release|Any CPU
		{DA8491F4-87CA-4D66-B2AD-0F49D55CC241}.Debug|Any CPU.ActiveCfg = Debug|Any CPU
		{DA8491F4-87CA-4D66-B2AD-0F49D55CC241}.Debug|Any CPU.Build.0 = Debug|Any CPU
		{DA8491F4-87CA-4D66-B2AD-0F49D55CC241}.Debug|ARM.ActiveCfg = Debug|Any CPU
		{DA8491F4-87CA-4D66-B2AD-0F49D55CC241}.Debug|ARM.Build.0 = Debug|Any CPU
		{DA8491F4-87CA-4D66-B2AD-0F49D55CC241}.Debug|ARM64.ActiveCfg = Debug|Any CPU
		{DA8491F4-87CA-4D66-B2AD-0F49D55CC241}.Debug|ARM64.Build.0 = Debug|Any CPU
		{DA8491F4-87CA-4D66-B2AD-0F49D55CC241}.Debug|iPhone.ActiveCfg = Debug|Any CPU
		{DA8491F4-87CA-4D66-B2AD-0F49D55CC241}.Debug|iPhone.Build.0 = Debug|Any CPU
		{DA8491F4-87CA-4D66-B2AD-0F49D55CC241}.Debug|iPhoneSimulator.ActiveCfg = Debug|Any CPU
		{DA8491F4-87CA-4D66-B2AD-0F49D55CC241}.Debug|iPhoneSimulator.Build.0 = Debug|Any CPU
		{DA8491F4-87CA-4D66-B2AD-0F49D55CC241}.Debug|x64.ActiveCfg = Debug|Any CPU
		{DA8491F4-87CA-4D66-B2AD-0F49D55CC241}.Debug|x64.Build.0 = Debug|Any CPU
		{DA8491F4-87CA-4D66-B2AD-0F49D55CC241}.Debug|x86.ActiveCfg = Debug|Any CPU
		{DA8491F4-87CA-4D66-B2AD-0F49D55CC241}.Debug|x86.Build.0 = Debug|Any CPU
		{DA8491F4-87CA-4D66-B2AD-0F49D55CC241}.Release|Any CPU.ActiveCfg = Release|Any CPU
		{DA8491F4-87CA-4D66-B2AD-0F49D55CC241}.Release|Any CPU.Build.0 = Release|Any CPU
		{DA8491F4-87CA-4D66-B2AD-0F49D55CC241}.Release|ARM.ActiveCfg = Release|Any CPU
		{DA8491F4-87CA-4D66-B2AD-0F49D55CC241}.Release|ARM.Build.0 = Release|Any CPU
		{DA8491F4-87CA-4D66-B2AD-0F49D55CC241}.Release|ARM64.ActiveCfg = Release|Any CPU
		{DA8491F4-87CA-4D66-B2AD-0F49D55CC241}.Release|ARM64.Build.0 = Release|Any CPU
		{DA8491F4-87CA-4D66-B2AD-0F49D55CC241}.Release|iPhone.ActiveCfg = Release|Any CPU
		{DA8491F4-87CA-4D66-B2AD-0F49D55CC241}.Release|iPhone.Build.0 = Release|Any CPU
		{DA8491F4-87CA-4D66-B2AD-0F49D55CC241}.Release|iPhoneSimulator.ActiveCfg = Release|Any CPU
		{DA8491F4-87CA-4D66-B2AD-0F49D55CC241}.Release|iPhoneSimulator.Build.0 = Release|Any CPU
		{DA8491F4-87CA-4D66-B2AD-0F49D55CC241}.Release|x64.ActiveCfg = Release|Any CPU
		{DA8491F4-87CA-4D66-B2AD-0F49D55CC241}.Release|x64.Build.0 = Release|Any CPU
		{DA8491F4-87CA-4D66-B2AD-0F49D55CC241}.Release|x86.ActiveCfg = Release|Any CPU
		{DA8491F4-87CA-4D66-B2AD-0F49D55CC241}.Release|x86.Build.0 = Release|Any CPU
	EndGlobalSection
	GlobalSection(SolutionProperties) = preSolution
		HideSolutionNode = FALSE
	EndGlobalSection
	GlobalSection(ExtensibilityGlobals) = postSolution
		SolutionGuid = {AF7685AF-477F-47BF-8F96-1F5A446CBD42}
	EndGlobalSection
EndGlobal
